
Microsoft Visual Studio Solution File, Format Version 12.00
# Visual Studio Version 16
VisualStudioVersion = 16.0.29519.87
MinimumVisualStudioVersion = 10.0.40219.1
Project("{FAE04EC0-301F-11D3-BF4B-00C04F79EFBC}") = "Day6", "Day6\Day6.csproj", "{BA577444-9955-4597-AD3E-AD86A95DEC27}"
EndProject
Global
	GlobalSection(SolutionConfigurationPlatforms) = preSolution
		Debug|Any CPU = Debug|Any CPU
		Release|Any CPU = Release|Any CPU
	EndGlobalSection
	GlobalSection(ProjectConfigurationPlatforms) = postSolution
		{BA577444-9955-4597-AD3E-AD86A95DEC27}.Debug|Any CPU.ActiveCfg = Debug|Any CPU
		{BA577444-9955-4597-AD3E-AD86A95DEC27}.Debug|Any CPU.Build.0 = Debug|Any CPU
		{BA577444-9955-4597-AD3E-AD86A95DEC27}.Release|Any CPU.ActiveCfg = Release|Any CPU
		{BA577444-9955-4597-AD3E-AD86A95DEC27}.Release|Any CPU.Build.0 = Release|Any CPU
	EndGlobalSection
	GlobalSection(SolutionProperties) = preSolution
		HideSolutionNode = FALSE
	EndGlobalSection
	GlobalSection(ExtensibilityGlobals) = postSolution
		SolutionGuid = {2AE3EF6C-FC6F-4676-AF42-E56B45BE0FC5}
	EndGlobalSection
EndGlobal
