
Microsoft Visual Studio Solution File, Format Version 12.00
# Visual Studio Version 16
VisualStudioVersion = 16.0.29519.87
MinimumVisualStudioVersion = 10.0.40219.1
Project("{FAE04EC0-301F-11D3-BF4B-00C04F79EFBC}") = "Day2", "Day2\Day2.csproj", "{5ADA374F-2EEB-4EDB-866C-2248A6E56C4F}"
EndProject
Global
	GlobalSection(SolutionConfigurationPlatforms) = preSolution
		Debug|Any CPU = Debug|Any CPU
		Release|Any CPU = Release|Any CPU
	EndGlobalSection
	GlobalSection(ProjectConfigurationPlatforms) = postSolution
		{5ADA374F-2EEB-4EDB-866C-2248A6E56C4F}.Debug|Any CPU.ActiveCfg = Debug|Any CPU
		{5ADA374F-2EEB-4EDB-866C-2248A6E56C4F}.Debug|Any CPU.Build.0 = Debug|Any CPU
		{5ADA374F-2EEB-4EDB-866C-2248A6E56C4F}.Release|Any CPU.ActiveCfg = Release|Any CPU
		{5ADA374F-2EEB-4EDB-866C-2248A6E56C4F}.Release|Any CPU.Build.0 = Release|Any CPU
	EndGlobalSection
	GlobalSection(SolutionProperties) = preSolution
		HideSolutionNode = FALSE
	EndGlobalSection
	GlobalSection(ExtensibilityGlobals) = postSolution
		SolutionGuid = {D1EE2459-CFA6-42D4-A071-EC3BBE2C3CB0}
	EndGlobalSection
EndGlobal
